
Microsoft Visual Studio Solution File, Format Version 12.00
# Visual Studio Version 16
VisualStudioVersion = 16.0.30516.212
MinimumVisualStudioVersion = 10.0.40219.1
Project("{FAE04EC0-301F-11D3-BF4B-00C04F79EFBC}") = "Taximeter", "Taximeter\Taximeter.csproj", "{F50C67A5-B7DD-4A99-B63E-96AF0F73B607}"
EndProject
Project("{2150E333-8FDC-42A3-9474-1A3956D46DE8}") = "Solution Items", "Solution Items", "{FECED044-A0EA-467D-B651-4D24AAC85034}"
	ProjectSection(SolutionItems) = preProject
		roteiro.txt = roteiro.txt
	EndProjectSection
EndProject
Global
	GlobalSection(SolutionConfigurationPlatforms) = preSolution
		Debug|Any CPU = Debug|Any CPU
		Release|Any CPU = Release|Any CPU
	EndGlobalSection
	GlobalSection(ProjectConfigurationPlatforms) = postSolution
		{F50C67A5-B7DD-4A99-B63E-96AF0F73B607}.Debug|Any CPU.ActiveCfg = Debug|Any CPU
		{F50C67A5-B7DD-4A99-B63E-96AF0F73B607}.Debug|Any CPU.Build.0 = Debug|Any CPU
		{F50C67A5-B7DD-4A99-B63E-96AF0F73B607}.Release|Any CPU.ActiveCfg = Release|Any CPU
		{F50C67A5-B7DD-4A99-B63E-96AF0F73B607}.Release|Any CPU.Build.0 = Release|Any CPU
	EndGlobalSection
	GlobalSection(SolutionProperties) = preSolution
		HideSolutionNode = FALSE
	EndGlobalSection
	GlobalSection(ExtensibilityGlobals) = postSolution
		SolutionGuid = {F2B24419-05DB-44C3-9AAD-92F307E3434B}
	EndGlobalSection
EndGlobal
